// !$*UTF8*$!
{
	archiveVersion = 1;
	classes = {
	};
	objectVersion = 46;
	objects = {

/* Begin PBXBuildFile section */
		436BF28E1B83277300BBDFEB /* UIViewBorders.swift in Sources */ = {isa = PBXBuildFile; fileRef = 436BF28D1B83277300BBDFEB /* UIViewBorders.swift */; };
		439071B51B7B30BC0090F08D /* PullToRefreshConst.swift in Sources */ = {isa = PBXBuildFile; fileRef = 439071B21B7B30BC0090F08D /* PullToRefreshConst.swift */; };
		439071B61B7B30BC0090F08D /* PullToRefreshView.swift in Sources */ = {isa = PBXBuildFile; fileRef = 439071B31B7B30BC0090F08D /* PullToRefreshView.swift */; };
		439071B71B7B30BC0090F08D /* UIScrollViewExtension.swift in Sources */ = {isa = PBXBuildFile; fileRef = 439071B41B7B30BC0090F08D /* UIScrollViewExtension.swift */; };
		439071BB1B7B4A7A0090F08D /* DealListTableViewCell.swift in Sources */ = {isa = PBXBuildFile; fileRef = 439071B91B7B4A7A0090F08D /* DealListTableViewCell.swift */; };
		439071BF1B7B4ABE0090F08D /* UiColorExtension.swift in Sources */ = {isa = PBXBuildFile; fileRef = 439071BD1B7B4ABE0090F08D /* UiColorExtension.swift */; };
		43B25CA81B78CEED00D54591 /* ApiNetworking.swift in Sources */ = {isa = PBXBuildFile; fileRef = 43B25CA71B78CEED00D54591 /* ApiNetworking.swift */; };
		5339016B1B384173009571F0 /* Deals.swift in Sources */ = {isa = PBXBuildFile; fileRef = 5339016A1B384173009571F0 /* Deals.swift */; };
		5339016E1B384275009571F0 /* PageMenuViewController.swift in Sources */ = {isa = PBXBuildFile; fileRef = 5339016D1B384275009571F0 /* PageMenuViewController.swift */; };
		5363E5A61B375BFA00C465F4 /* AppDelegate.swift in Sources */ = {isa = PBXBuildFile; fileRef = 5363E5A51B375BFA00C465F4 /* AppDelegate.swift */; };
		5363E5AB1B375BFA00C465F4 /* Main.storyboard in Resources */ = {isa = PBXBuildFile; fileRef = 5363E5A91B375BFA00C465F4 /* Main.storyboard */; };
		5363E5AD1B375BFA00C465F4 /* Images.xcassets in Resources */ = {isa = PBXBuildFile; fileRef = 5363E5AC1B375BFA00C465F4 /* Images.xcassets */; };
		5363E5B01B375BFA00C465F4 /* LaunchScreen.xib in Resources */ = {isa = PBXBuildFile; fileRef = 5363E5AE1B375BFA00C465F4 /* LaunchScreen.xib */; };
		5363E5BC1B375BFA00C465F4 /* DealDeyTests.swift in Sources */ = {isa = PBXBuildFile; fileRef = 5363E5BB1B375BFA00C465F4 /* DealDeyTests.swift */; };
		5363E5CB1B37668100C465F4 /* Constants.swift in Sources */ = {isa = PBXBuildFile; fileRef = 5363E5CA1B37668100C465F4 /* Constants.swift */; };
		5363E5D61B37730800C465F4 /* DealListTableViewController.swift in Sources */ = {isa = PBXBuildFile; fileRef = 5363E5D41B37730800C465F4 /* DealListTableViewController.swift */; };
		53B1D3591B39788900340A21 /* DealDetailViewController.swift in Sources */ = {isa = PBXBuildFile; fileRef = 53B1D3581B39788900340A21 /* DealDetailViewController.swift */; };
		E590D45484982DB8C528C2D8 /* Pods_DealDey.framework in Frameworks */ = {isa = PBXBuildFile; fileRef = 6FE6FB2180BBDACDD5C42FE7 /* Pods_DealDey.framework */; settings = {ATTRIBUTES = (Weak, ); }; };
/* End PBXBuildFile section */

/* Begin PBXContainerItemProxy section */
		5363E5B61B375BFA00C465F4 /* PBXContainerItemProxy */ = {
			isa = PBXContainerItemProxy;
			containerPortal = 5363E5981B375BFA00C465F4 /* Project object */;
			proxyType = 1;
			remoteGlobalIDString = 5363E59F1B375BFA00C465F4;
			remoteInfo = DealDey;
		};
/* End PBXContainerItemProxy section */

/* Begin PBXFileReference section */
		2FCFFDF2B617787C4127E0D0 /* Pods-DealDey.release.xcconfig */ = {isa = PBXFileReference; includeInIndex = 1; lastKnownFileType = text.xcconfig; name = "Pods-DealDey.release.xcconfig"; path = "Pods/Target Support Files/Pods-DealDey/Pods-DealDey.release.xcconfig"; sourceTree = "<group>"; };
		436BF28D1B83277300BBDFEB /* UIViewBorders.swift */ = {isa = PBXFileReference; fileEncoding = 4; lastKnownFileType = sourcecode.swift; path = UIViewBorders.swift; sourceTree = "<group>"; };
		439071B21B7B30BC0090F08D /* PullToRefreshConst.swift */ = {isa = PBXFileReference; fileEncoding = 4; lastKnownFileType = sourcecode.swift; name = PullToRefreshConst.swift; path = DealDey/ThirdPartyLibraries/PullToRefresh/PullToRefreshConst.swift; sourceTree = SOURCE_ROOT; };
		439071B31B7B30BC0090F08D /* PullToRefreshView.swift */ = {isa = PBXFileReference; fileEncoding = 4; lastKnownFileType = sourcecode.swift; name = PullToRefreshView.swift; path = DealDey/ThirdPartyLibraries/PullToRefresh/PullToRefreshView.swift; sourceTree = SOURCE_ROOT; };
		439071B41B7B30BC0090F08D /* UIScrollViewExtension.swift */ = {isa = PBXFileReference; fileEncoding = 4; lastKnownFileType = sourcecode.swift; name = UIScrollViewExtension.swift; path = DealDey/ThirdPartyLibraries/PullToRefresh/UIScrollViewExtension.swift; sourceTree = SOURCE_ROOT; };
		439071B91B7B4A7A0090F08D /* DealListTableViewCell.swift */ = {isa = PBXFileReference; fileEncoding = 4; lastKnownFileType = sourcecode.swift; path = DealListTableViewCell.swift; sourceTree = "<group>"; };
		439071BD1B7B4ABE0090F08D /* UiColorExtension.swift */ = {isa = PBXFileReference; fileEncoding = 4; lastKnownFileType = sourcecode.swift; name = UiColorExtension.swift; path = Extensions/UiColorExtension.swift; sourceTree = "<group>"; };
		43B25CA71B78CEED00D54591 /* ApiNetworking.swift */ = {isa = PBXFileReference; fileEncoding = 4; lastKnownFileType = sourcecode.swift; path = ApiNetworking.swift; sourceTree = "<group>"; };
		43B25CBC1B78EC6900D54591 /* DealDey-Bridging-Header.h */ = {isa = PBXFileReference; lastKnownFileType = sourcecode.c.h; path = "DealDey-Bridging-Header.h"; sourceTree = "<group>"; };
		5339016A1B384173009571F0 /* Deals.swift */ = {isa = PBXFileReference; fileEncoding = 4; lastKnownFileType = sourcecode.swift; name = Deals.swift; path = Model/Deals.swift; sourceTree = "<group>"; };
		5339016D1B384275009571F0 /* PageMenuViewController.swift */ = {isa = PBXFileReference; fileEncoding = 4; lastKnownFileType = sourcecode.swift; name = PageMenuViewController.swift; path = Controller/PageMenuViewController.swift; sourceTree = "<group>"; };
		5363E5A01B375BFA00C465F4 /* DealDey.app */ = {isa = PBXFileReference; explicitFileType = wrapper.application; includeInIndex = 0; path = DealDey.app; sourceTree = BUILT_PRODUCTS_DIR; };
		5363E5A41B375BFA00C465F4 /* Info.plist */ = {isa = PBXFileReference; lastKnownFileType = text.plist.xml; path = Info.plist; sourceTree = "<group>"; };
		5363E5A51B375BFA00C465F4 /* AppDelegate.swift */ = {isa = PBXFileReference; lastKnownFileType = sourcecode.swift; path = AppDelegate.swift; sourceTree = "<group>"; };
		5363E5AA1B375BFA00C465F4 /* Base */ = {isa = PBXFileReference; lastKnownFileType = file.storyboard; name = Base; path = Base.lproj/Main.storyboard; sourceTree = "<group>"; };
		5363E5AC1B375BFA00C465F4 /* Images.xcassets */ = {isa = PBXFileReference; lastKnownFileType = folder.assetcatalog; path = Images.xcassets; sourceTree = "<group>"; };
		5363E5AF1B375BFA00C465F4 /* Base */ = {isa = PBXFileReference; lastKnownFileType = file.xib; name = Base; path = Base.lproj/LaunchScreen.xib; sourceTree = "<group>"; };
		5363E5B51B375BFA00C465F4 /* DealDeyTests.xctest */ = {isa = PBXFileReference; explicitFileType = wrapper.cfbundle; includeInIndex = 0; path = DealDeyTests.xctest; sourceTree = BUILT_PRODUCTS_DIR; };
		5363E5BA1B375BFA00C465F4 /* Info.plist */ = {isa = PBXFileReference; lastKnownFileType = text.plist.xml; path = Info.plist; sourceTree = "<group>"; };
		5363E5BB1B375BFA00C465F4 /* DealDeyTests.swift */ = {isa = PBXFileReference; lastKnownFileType = sourcecode.swift; path = DealDeyTests.swift; sourceTree = "<group>"; };
		5363E5CA1B37668100C465F4 /* Constants.swift */ = {isa = PBXFileReference; fileEncoding = 4; lastKnownFileType = sourcecode.swift; path = Constants.swift; sourceTree = "<group>"; };
		5363E5D41B37730800C465F4 /* DealListTableViewController.swift */ = {isa = PBXFileReference; fileEncoding = 4; lastKnownFileType = sourcecode.swift; name = DealListTableViewController.swift; path = Controller/DealListTableViewController.swift; sourceTree = "<group>"; };
		53B1D3581B39788900340A21 /* DealDetailViewController.swift */ = {isa = PBXFileReference; fileEncoding = 4; lastKnownFileType = sourcecode.swift; name = DealDetailViewController.swift; path = Controller/DealDetailViewController.swift; sourceTree = "<group>"; };
		6FE6FB2180BBDACDD5C42FE7 /* Pods_DealDey.framework */ = {isa = PBXFileReference; explicitFileType = wrapper.framework; includeInIndex = 0; path = Pods_DealDey.framework; sourceTree = BUILT_PRODUCTS_DIR; };
		A4B1E50697D9799CB89FE8D0 /* Pods-DealDey.debug.xcconfig */ = {isa = PBXFileReference; includeInIndex = 1; lastKnownFileType = text.xcconfig; name = "Pods-DealDey.debug.xcconfig"; path = "Pods/Target Support Files/Pods-DealDey/Pods-DealDey.debug.xcconfig"; sourceTree = "<group>"; };
/* End PBXFileReference section */

/* Begin PBXFrameworksBuildPhase section */
		5363E59D1B375BFA00C465F4 /* Frameworks */ = {
			isa = PBXFrameworksBuildPhase;
			buildActionMask = 2147483647;
			files = (
				E590D45484982DB8C528C2D8 /* Pods_DealDey.framework in Frameworks */,
			);
			runOnlyForDeploymentPostprocessing = 0;
		};
		5363E5B21B375BFA00C465F4 /* Frameworks */ = {
			isa = PBXFrameworksBuildPhase;
			buildActionMask = 2147483647;
			files = (
			);
			runOnlyForDeploymentPostprocessing = 0;
		};
/* End PBXFrameworksBuildPhase section */

/* Begin PBXGroup section */
		301635654AEDCD0B03BC6995 /* Pods */ = {
			isa = PBXGroup;
			children = (
				A4B1E50697D9799CB89FE8D0 /* Pods-DealDey.debug.xcconfig */,
				2FCFFDF2B617787C4127E0D0 /* Pods-DealDey.release.xcconfig */,
			);
			name = Pods;
			sourceTree = "<group>";
		};
		35A6E32B9413E6453A6A6A8B /* Frameworks */ = {
			isa = PBXGroup;
			children = (
				6FE6FB2180BBDACDD5C42FE7 /* Pods_DealDey.framework */,
			);
			name = Frameworks;
			sourceTree = "<group>";
		};
		436BF28C1B83277300BBDFEB /* IBInspectable */ = {
			isa = PBXGroup;
			children = (
				436BF28D1B83277300BBDFEB /* UIViewBorders.swift */,
			);
			path = IBInspectable;
			sourceTree = "<group>";
		};
		438A6CA51B6B7A4C00CEDF62 /* Extensions */ = {
			isa = PBXGroup;
			children = (
				439071BD1B7B4ABE0090F08D /* UiColorExtension.swift */,
			);
			name = Extensions;
			sourceTree = "<group>";
		};
		439071B81B7B4A7A0090F08D /* Deals */ = {
			isa = PBXGroup;
			children = (
				439071B91B7B4A7A0090F08D /* DealListTableViewCell.swift */,
			);
			name = Deals;
			path = View/Deals;
			sourceTree = "<group>";
		};
		43B25CA61B78CEED00D54591 /* Repository */ = {
			isa = PBXGroup;
			children = (
				43B25CA71B78CEED00D54591 /* ApiNetworking.swift */,
			);
			path = Repository;
			sourceTree = "<group>";
		};
		43B25CAB1B78CF1400D54591 /* ThirdPartyLibraries */ = {
			isa = PBXGroup;
			children = (
				43B25CAC1B78CF1400D54591 /* PullToRefresh */,
			);
			name = ThirdPartyLibraries;
			path = ThirdPartyLibrary;
			sourceTree = "<group>";
		};
		43B25CAC1B78CF1400D54591 /* PullToRefresh */ = {
			isa = PBXGroup;
			children = (
				439071B21B7B30BC0090F08D /* PullToRefreshConst.swift */,
				439071B31B7B30BC0090F08D /* PullToRefreshView.swift */,
				439071B41B7B30BC0090F08D /* UIScrollViewExtension.swift */,
			);
			path = PullToRefresh;
			sourceTree = "<group>";
		};
		533901671B384102009571F0 /* Model */ = {
			isa = PBXGroup;
			children = (
				5339016A1B384173009571F0 /* Deals.swift */,
			);
			name = Model;
			sourceTree = "<group>";
		};
		5339016C1B3841DC009571F0 /* Controller */ = {
			isa = PBXGroup;
			children = (
				5339016D1B384275009571F0 /* PageMenuViewController.swift */,
				5363E5D41B37730800C465F4 /* DealListTableViewController.swift */,
				53B1D3581B39788900340A21 /* DealDetailViewController.swift */,
			);
			name = Controller;
			sourceTree = "<group>";
		};
		533901731B3842CB009571F0 /* View */ = {
			isa = PBXGroup;
			children = (
				436BF28C1B83277300BBDFEB /* IBInspectable */,
				439071B81B7B4A7A0090F08D /* Deals */,
				5363E5AE1B375BFA00C465F4 /* LaunchScreen.xib */,
			);
			name = View;
			sourceTree = "<group>";
		};
		5363E5971B375BFA00C465F4 = {
			isa = PBXGroup;
			children = (
				5363E5A21B375BFA00C465F4 /* DealDey */,
				5363E5B81B375BFA00C465F4 /* DealDeyTests */,
				5363E5A11B375BFA00C465F4 /* Products */,
				301635654AEDCD0B03BC6995 /* Pods */,
				35A6E32B9413E6453A6A6A8B /* Frameworks */,
			);
			sourceTree = "<group>";
		};
		5363E5A11B375BFA00C465F4 /* Products */ = {
			isa = PBXGroup;
			children = (
				5363E5A01B375BFA00C465F4 /* DealDey.app */,
				5363E5B51B375BFA00C465F4 /* DealDeyTests.xctest */,
			);
			name = Products;
			sourceTree = "<group>";
		};
		5363E5A21B375BFA00C465F4 /* DealDey */ = {
			isa = PBXGroup;
			children = (
				5363E5A51B375BFA00C465F4 /* AppDelegate.swift */,
				5339016C1B3841DC009571F0 /* Controller */,
				533901671B384102009571F0 /* Model */,
				533901731B3842CB009571F0 /* View */,
				5363E5A91B375BFA00C465F4 /* Main.storyboard */,
				5363E5AC1B375BFA00C465F4 /* Images.xcassets */,
				43B25CA61B78CEED00D54591 /* Repository */,
				43B25CAB1B78CF1400D54591 /* ThirdPartyLibraries */,
				5363E5A31B375BFA00C465F4 /* Supporting Files */,
				5363E5CA1B37668100C465F4 /* Constants.swift */,
				438A6CA51B6B7A4C00CEDF62 /* Extensions */,
				43B25CBC1B78EC6900D54591 /* DealDey-Bridging-Header.h */,
			);
			path = DealDey;
			sourceTree = "<group>";
		};
		5363E5A31B375BFA00C465F4 /* Supporting Files */ = {
			isa = PBXGroup;
			children = (
				5363E5A41B375BFA00C465F4 /* Info.plist */,
			);
			name = "Supporting Files";
			sourceTree = "<group>";
		};
		5363E5B81B375BFA00C465F4 /* DealDeyTests */ = {
			isa = PBXGroup;
			children = (
				5363E5BB1B375BFA00C465F4 /* DealDeyTests.swift */,
				5363E5B91B375BFA00C465F4 /* Supporting Files */,
			);
			path = DealDeyTests;
			sourceTree = "<group>";
		};
		5363E5B91B375BFA00C465F4 /* Supporting Files */ = {
			isa = PBXGroup;
			children = (
				5363E5BA1B375BFA00C465F4 /* Info.plist */,
			);
			name = "Supporting Files";
			sourceTree = "<group>";
		};
/* End PBXGroup section */

/* Begin PBXNativeTarget section */
		5363E59F1B375BFA00C465F4 /* DealDey */ = {
			isa = PBXNativeTarget;
			buildConfigurationList = 5363E5BF1B375BFA00C465F4 /* Build configuration list for PBXNativeTarget "DealDey" */;
			buildPhases = (
				1F771FCE1DEC9A6537F74814 /* Check Pods Manifest.lock */,
				5363E59C1B375BFA00C465F4 /* Sources */,
				5363E59D1B375BFA00C465F4 /* Frameworks */,
				5363E59E1B375BFA00C465F4 /* Resources */,
				AFE6A702051D820DDB789E0A /* Embed Pods Frameworks */,
				10510025EE44C8FC3E4CE6E1 /* Copy Pods Resources */,
				435FF7401B820B5C0085F684 /* ShellScript */,
			);
			buildRules = (
			);
			dependencies = (
			);
			name = DealDey;
			productName = DealDey;
			productReference = 5363E5A01B375BFA00C465F4 /* DealDey.app */;
			productType = "com.apple.product-type.application";
		};
		5363E5B41B375BFA00C465F4 /* DealDeyTests */ = {
			isa = PBXNativeTarget;
			buildConfigurationList = 5363E5C21B375BFA00C465F4 /* Build configuration list for PBXNativeTarget "DealDeyTests" */;
			buildPhases = (
				5363E5B11B375BFA00C465F4 /* Sources */,
				5363E5B21B375BFA00C465F4 /* Frameworks */,
				5363E5B31B375BFA00C465F4 /* Resources */,
			);
			buildRules = (
			);
			dependencies = (
				5363E5B71B375BFA00C465F4 /* PBXTargetDependency */,
			);
			name = DealDeyTests;
			productName = DealDeyTests;
			productReference = 5363E5B51B375BFA00C465F4 /* DealDeyTests.xctest */;
			productType = "com.apple.product-type.bundle.unit-test";
		};
/* End PBXNativeTarget section */

/* Begin PBXProject section */
		5363E5981B375BFA00C465F4 /* Project object */ = {
			isa = PBXProject;
			attributes = {
				LastUpgradeCheck = 0630;
				ORGANIZATIONNAME = "Tinkona Technologies";
				TargetAttributes = {
					5363E59F1B375BFA00C465F4 = {
						CreatedOnToolsVersion = 6.3.2;
						DevelopmentTeam = GXZ9QQWVLM;
					};
					5363E5B41B375BFA00C465F4 = {
						CreatedOnToolsVersion = 6.3.2;
						TestTargetID = 5363E59F1B375BFA00C465F4;
					};
				};
			};
			buildConfigurationList = 5363E59B1B375BFA00C465F4 /* Build configuration list for PBXProject "DealDey" */;
			compatibilityVersion = "Xcode 3.2";
			developmentRegion = English;
			hasScannedForEncodings = 0;
			knownRegions = (
				en,
				Base,
			);
			mainGroup = 5363E5971B375BFA00C465F4;
			productRefGroup = 5363E5A11B375BFA00C465F4 /* Products */;
			projectDirPath = "";
			projectRoot = "";
			targets = (
				5363E59F1B375BFA00C465F4 /* DealDey */,
				5363E5B41B375BFA00C465F4 /* DealDeyTests */,
			);
		};
/* End PBXProject section */

/* Begin PBXResourcesBuildPhase section */
		5363E59E1B375BFA00C465F4 /* Resources */ = {
			isa = PBXResourcesBuildPhase;
			buildActionMask = 2147483647;
			files = (
				5363E5AB1B375BFA00C465F4 /* Main.storyboard in Resources */,
				5363E5B01B375BFA00C465F4 /* LaunchScreen.xib in Resources */,
				5363E5AD1B375BFA00C465F4 /* Images.xcassets in Resources */,
			);
			runOnlyForDeploymentPostprocessing = 0;
		};
		5363E5B31B375BFA00C465F4 /* Resources */ = {
			isa = PBXResourcesBuildPhase;
			buildActionMask = 2147483647;
			files = (
			);
			runOnlyForDeploymentPostprocessing = 0;
		};
/* End PBXResourcesBuildPhase section */

/* Begin PBXShellScriptBuildPhase section */
		10510025EE44C8FC3E4CE6E1 /* Copy Pods Resources */ = {
			isa = PBXShellScriptBuildPhase;
			buildActionMask = 2147483647;
			files = (
			);
			inputPaths = (
			);
			name = "Copy Pods Resources";
			outputPaths = (
			);
			runOnlyForDeploymentPostprocessing = 0;
			shellPath = /bin/sh;
			shellScript = "\"${SRCROOT}/Pods/Target Support Files/Pods-DealDey/Pods-DealDey-resources.sh\"\n";
			showEnvVarsInLog = 0;
		};
		1F771FCE1DEC9A6537F74814 /* Check Pods Manifest.lock */ = {
			isa = PBXShellScriptBuildPhase;
			buildActionMask = 2147483647;
			files = (
			);
			inputPaths = (
			);
			name = "Check Pods Manifest.lock";
			outputPaths = (
			);
			runOnlyForDeploymentPostprocessing = 0;
			shellPath = /bin/sh;
			shellScript = "diff \"${PODS_ROOT}/../Podfile.lock\" \"${PODS_ROOT}/Manifest.lock\" > /dev/null\nif [[ $? != 0 ]] ; then\n    cat << EOM\nerror: The sandbox is not in sync with the Podfile.lock. Run 'pod install' or update your CocoaPods installation.\nEOM\n    exit 1\nfi\n";
			showEnvVarsInLog = 0;
		};
		435FF7401B820B5C0085F684 /* ShellScript */ = {
			isa = PBXShellScriptBuildPhase;
			buildActionMask = 2147483647;
			files = (
			);
			inputPaths = (
			);
			outputPaths = (
			);
			runOnlyForDeploymentPostprocessing = 0;
			shellPath = /bin/sh;
			shellScript = "\"${PODS_ROOT}/Fabric/Fabric.framework/run\" 452567136b6f586118e35e34ed55978054deb699 d8a348c04983cbccd95288b270a3d495351d6247433b6a07c425199958052bae";
		};
		AFE6A702051D820DDB789E0A /* Embed Pods Frameworks */ = {
			isa = PBXShellScriptBuildPhase;
			buildActionMask = 2147483647;
			files = (
			);
			inputPaths = (
			);
			name = "Embed Pods Frameworks";
			outputPaths = (
			);
			runOnlyForDeploymentPostprocessing = 0;
			shellPath = /bin/sh;
			shellScript = "\"${SRCROOT}/Pods/Target Support Files/Pods-DealDey/Pods-DealDey-frameworks.sh\"\n";
			showEnvVarsInLog = 0;
		};
/* End PBXShellScriptBuildPhase section */

/* Begin PBXSourcesBuildPhase section */
		5363E59C1B375BFA00C465F4 /* Sources */ = {
			isa = PBXSourcesBuildPhase;
			buildActionMask = 2147483647;
			files = (
				5363E5D61B37730800C465F4 /* DealListTableViewController.swift in Sources */,
				5363E5A61B375BFA00C465F4 /* AppDelegate.swift in Sources */,
				43B25CA81B78CEED00D54591 /* ApiNetworking.swift in Sources */,
				439071B61B7B30BC0090F08D /* PullToRefreshView.swift in Sources */,
				439071BF1B7B4ABE0090F08D /* UiColorExtension.swift in Sources */,
				439071BB1B7B4A7A0090F08D /* DealListTableViewCell.swift in Sources */,
				5339016B1B384173009571F0 /* Deals.swift in Sources */,
				5339016E1B384275009571F0 /* PageMenuViewController.swift in Sources */,
				53B1D3591B39788900340A21 /* DealDetailViewController.swift in Sources */,
				436BF28E1B83277300BBDFEB /* UIViewBorders.swift in Sources */,
				439071B51B7B30BC0090F08D /* PullToRefreshConst.swift in Sources */,
				5363E5CB1B37668100C465F4 /* Constants.swift in Sources */,
				439071B71B7B30BC0090F08D /* UIScrollViewExtension.swift in Sources */,
			);
			runOnlyForDeploymentPostprocessing = 0;
		};
		5363E5B11B375BFA00C465F4 /* Sources */ = {
			isa = PBXSourcesBuildPhase;
			buildActionMask = 2147483647;
			files = (
				5363E5BC1B375BFA00C465F4 /* DealDeyTests.swift in Sources */,
			);
			runOnlyForDeploymentPostprocessing = 0;
		};
/* End PBXSourcesBuildPhase section */

/* Begin PBXTargetDependency section */
		5363E5B71B375BFA00C465F4 /* PBXTargetDependency */ = {
			isa = PBXTargetDependency;
			target = 5363E59F1B375BFA00C465F4 /* DealDey */;
			targetProxy = 5363E5B61B375BFA00C465F4 /* PBXContainerItemProxy */;
		};
/* End PBXTargetDependency section */

/* Begin PBXVariantGroup section */
		5363E5A91B375BFA00C465F4 /* Main.storyboard */ = {
			isa = PBXVariantGroup;
			children = (
				5363E5AA1B375BFA00C465F4 /* Base */,
			);
			name = Main.storyboard;
			sourceTree = "<group>";
		};
		5363E5AE1B375BFA00C465F4 /* LaunchScreen.xib */ = {
			isa = PBXVariantGroup;
			children = (
				5363E5AF1B375BFA00C465F4 /* Base */,
			);
			name = LaunchScreen.xib;
			sourceTree = "<group>";
		};
/* End PBXVariantGroup section */

/* Begin XCBuildConfiguration section */
		5363E5BD1B375BFA00C465F4 /* Debug */ = {
			isa = XCBuildConfiguration;
			buildSettings = {
				ALWAYS_SEARCH_USER_PATHS = NO;
				CLANG_CXX_LANGUAGE_STANDARD = "gnu++0x";
				CLANG_CXX_LIBRARY = "libc++";
				CLANG_ENABLE_MODULES = YES;
				CLANG_ENABLE_OBJC_ARC = YES;
				CLANG_WARN_BOOL_CONVERSION = YES;
				CLANG_WARN_CONSTANT_CONVERSION = YES;
				CLANG_WARN_DIRECT_OBJC_ISA_USAGE = YES_ERROR;
				CLANG_WARN_EMPTY_BODY = YES;
				CLANG_WARN_ENUM_CONVERSION = YES;
				CLANG_WARN_INT_CONVERSION = YES;
				CLANG_WARN_OBJC_ROOT_CLASS = YES_ERROR;
				CLANG_WARN_UNREACHABLE_CODE = YES;
				CLANG_WARN__DUPLICATE_METHOD_MATCH = YES;
				"CODE_SIGN_IDENTITY[sdk=iphoneos*]" = "iPhone Developer";
				COPY_PHASE_STRIP = NO;
				DEBUG_INFORMATION_FORMAT = "dwarf-with-dsym";
				ENABLE_STRICT_OBJC_MSGSEND = YES;
				GCC_C_LANGUAGE_STANDARD = gnu99;
				GCC_DYNAMIC_NO_PIC = NO;
				GCC_NO_COMMON_BLOCKS = YES;
				GCC_OPTIMIZATION_LEVEL = 0;
				GCC_PREPROCESSOR_DEFINITIONS = (
					"DEBUG=1",
					"$(inherited)",
				);
				GCC_SYMBOLS_PRIVATE_EXTERN = NO;
				GCC_WARN_64_TO_32_BIT_CONVERSION = YES;
				GCC_WARN_ABOUT_RETURN_TYPE = YES_ERROR;
				GCC_WARN_UNDECLARED_SELECTOR = YES;
				GCC_WARN_UNINITIALIZED_AUTOS = YES_AGGRESSIVE;
				GCC_WARN_UNUSED_FUNCTION = YES;
				GCC_WARN_UNUSED_VARIABLE = YES;
				IPHONEOS_DEPLOYMENT_TARGET = 8.3;
				MTL_ENABLE_DEBUG_INFO = YES;
				ONLY_ACTIVE_ARCH = YES;
				SDKROOT = iphoneos;
				SWIFT_OPTIMIZATION_LEVEL = "-Onone";
			};
			name = Debug;
		};
		5363E5BE1B375BFA00C465F4 /* Release */ = {
			isa = XCBuildConfiguration;
			buildSettings = {
				ALWAYS_SEARCH_USER_PATHS = NO;
				CLANG_CXX_LANGUAGE_STANDARD = "gnu++0x";
				CLANG_CXX_LIBRARY = "libc++";
				CLANG_ENABLE_MODULES = YES;
				CLANG_ENABLE_OBJC_ARC = YES;
				CLANG_WARN_BOOL_CONVERSION = YES;
				CLANG_WARN_CONSTANT_CONVERSION = YES;
				CLANG_WARN_DIRECT_OBJC_ISA_USAGE = YES_ERROR;
				CLANG_WARN_EMPTY_BODY = YES;
				CLANG_WARN_ENUM_CONVERSION = YES;
				CLANG_WARN_INT_CONVERSION = YES;
				CLANG_WARN_OBJC_ROOT_CLASS = YES_ERROR;
				CLANG_WARN_UNREACHABLE_CODE = YES;
				CLANG_WARN__DUPLICATE_METHOD_MATCH = YES;
				"CODE_SIGN_IDENTITY[sdk=iphoneos*]" = "iPhone Developer";
				COPY_PHASE_STRIP = NO;
				DEBUG_INFORMATION_FORMAT = "dwarf-with-dsym";
				ENABLE_NS_ASSERTIONS = NO;
				ENABLE_STRICT_OBJC_MSGSEND = YES;
				GCC_C_LANGUAGE_STANDARD = gnu99;
				GCC_NO_COMMON_BLOCKS = YES;
				GCC_WARN_64_TO_32_BIT_CONVERSION = YES;
				GCC_WARN_ABOUT_RETURN_TYPE = YES_ERROR;
				GCC_WARN_UNDECLARED_SELECTOR = YES;
				GCC_WARN_UNINITIALIZED_AUTOS = YES_AGGRESSIVE;
				GCC_WARN_UNUSED_FUNCTION = YES;
				GCC_WARN_UNUSED_VARIABLE = YES;
				IPHONEOS_DEPLOYMENT_TARGET = 8.3;
				MTL_ENABLE_DEBUG_INFO = NO;
				SDKROOT = iphoneos;
				VALIDATE_PRODUCT = YES;
			};
			name = Release;
		};
		5363E5C01B375BFA00C465F4 /* Debug */ = {
			isa = XCBuildConfiguration;
			baseConfigurationReference = A4B1E50697D9799CB89FE8D0 /* Pods-DealDey.debug.xcconfig */;
			buildSettings = {
				ALWAYS_SEARCH_USER_PATHS = NO;
				ASSETCATALOG_COMPILER_APPICON_NAME = AppIcon;
				ASSETCATALOG_COMPILER_LAUNCHIMAGE_NAME = LaunchImage;
				CLANG_ENABLE_MODULES = YES;
				CODE_SIGN_IDENTITY = "iPhone Developer";
				"CODE_SIGN_IDENTITY[sdk=iphoneos*]" = "iPhone Developer";
				INFOPLIST_FILE = DealDey/Info.plist;
				LD_RUNPATH_SEARCH_PATHS = "$(inherited) @executable_path/Frameworks";
				PRODUCT_NAME = "$(TARGET_NAME)";
				PROVISIONING_PROFILE = "";
				SWIFT_INSTALL_OBJC_HEADER = YES;
				SWIFT_OBJC_BRIDGING_HEADER = "DealDey/DealDey-Bridging-Header.h";
				SWIFT_OBJC_INTERFACE_HEADER_NAME = "";
				SWIFT_OPTIMIZATION_LEVEL = "-Onone";
				TARGETED_DEVICE_FAMILY = 1;
				USER_HEADER_SEARCH_PATHS = "";
			};
			name = Debug;
		};
		5363E5C11B375BFA00C465F4 /* Release */ = {
			isa = XCBuildConfiguration;
			baseConfigurationReference = 2FCFFDF2B617787C4127E0D0 /* Pods-DealDey.release.xcconfig */;
			buildSettings = {
				ALWAYS_SEARCH_USER_PATHS = NO;
				ASSETCATALOG_COMPILER_APPICON_NAME = AppIcon;
				ASSETCATALOG_COMPILER_LAUNCHIMAGE_NAME = LaunchImage;
				CLANG_ENABLE_MODULES = YES;
				CODE_SIGN_IDENTITY = "iPhone Developer";
				"CODE_SIGN_IDENTITY[sdk=iphoneos*]" = "iPhone Developer";
				INFOPLIST_FILE = DealDey/Info.plist;
				LD_RUNPATH_SEARCH_PATHS = "$(inherited) @executable_path/Frameworks";
				PRODUCT_NAME = "$(TARGET_NAME)";
				PROVISIONING_PROFILE = "";
				SWIFT_INSTALL_OBJC_HEADER = YES;
				SWIFT_OBJC_BRIDGING_HEADER = "DealDey/DealDey-Bridging-Header.h";
				SWIFT_OBJC_INTERFACE_HEADER_NAME = "";
				TARGETED_DEVICE_FAMILY = 1;
				USER_HEADER_SEARCH_PATHS = "";
			};
			name = Release;
		};
		5363E5C31B375BFA00C465F4 /* Debug */ = {
			isa = XCBuildConfiguration;
			buildSettings = {
				BUNDLE_LOADER = "$(TEST_HOST)";
				FRAMEWORK_SEARCH_PATHS = (
					"$(SDKROOT)/Developer/Library/Frameworks",
					"$(inherited)",
				);
				GCC_PREPROCESSOR_DEFINITIONS = (
					"DEBUG=1",
					"$(inherited)",
				);
				INFOPLIST_FILE = DealDeyTests/Info.plist;
				LD_RUNPATH_SEARCH_PATHS = "$(inherited) @executable_path/Frameworks @loader_path/Frameworks";
				PRODUCT_NAME = "$(TARGET_NAME)";
				TEST_HOST = "$(BUILT_PRODUCTS_DIR)/DealDey.app/DealDey";
			};
			name = Debug;
		};
		5363E5C41B375BFA00C465F4 /* Release */ = {
			isa = XCBuildConfiguration;
			buildSettings = {
				BUNDLE_LOADER = "$(TEST_HOST)";
				FRAMEWORK_SEARCH_PATHS = (
					"$(SDKROOT)/Developer/Library/Frameworks",
					"$(inherited)",
				);
				INFOPLIST_FILE = DealDeyTests/Info.plist;
				LD_RUNPATH_SEARCH_PATHS = "$(inherited) @executable_path/Frameworks @loader_path/Frameworks";
				PRODUCT_NAME = "$(TARGET_NAME)";
				TEST_HOST = "$(BUILT_PRODUCTS_DIR)/DealDey.app/DealDey";
			};
			name = Release;
		};
/* End XCBuildConfiguration section */

/* Begin XCConfigurationList section */
		5363E59B1B375BFA00C465F4 /* Build configuration list for PBXProject "DealDey" */ = {
			isa = XCConfigurationList;
			buildConfigurations = (
				5363E5BD1B375BFA00C465F4 /* Debug */,
				5363E5BE1B375BFA00C465F4 /* Release */,
			);
			defaultConfigurationIsVisible = 0;
			defaultConfigurationName = Release;
		};
		5363E5BF1B375BFA00C465F4 /* Build configuration list for PBXNativeTarget "DealDey" */ = {
			isa = XCConfigurationList;
			buildConfigurations = (
				5363E5C01B375BFA00C465F4 /* Debug */,
				5363E5C11B375BFA00C465F4 /* Release */,
			);
			defaultConfigurationIsVisible = 0;
			defaultConfigurationName = Release;
		};
		5363E5C21B375BFA00C465F4 /* Build configuration list for PBXNativeTarget "DealDeyTests" */ = {
			isa = XCConfigurationList;
			buildConfigurations = (
				5363E5C31B375BFA00C465F4 /* Debug */,
				5363E5C41B375BFA00C465F4 /* Release */,
			);
			defaultConfigurationIsVisible = 0;
			defaultConfigurationName = Release;
		};
/* End XCConfigurationList section */
	};
	rootObject = 5363E5981B375BFA00C465F4 /* Project object */;
}
